// !$*UTF8*$!
{
	archiveVersion = 1;
	classes = {
	};
	objectVersion = 56;
	objects = {

/* Begin PBXBuildFile section */
		D12E3C292C008422002B7634 /* AppDelegate.swift in Sources */ = {isa = PBXBuildFile; fileRef = D12E3C282C008422002B7634 /* AppDelegate.swift */; };
		D12E3C2B2C008422002B7634 /* SceneDelegate.swift in Sources */ = {isa = PBXBuildFile; fileRef = D12E3C2A2C008422002B7634 /* SceneDelegate.swift */; };
		D12E3C2D2C008422002B7634 /* ViewController.swift in Sources */ = {isa = PBXBuildFile; fileRef = D12E3C2C2C008422002B7634 /* ViewController.swift */; };
		D12E3C302C008422002B7634 /* Base in Resources */ = {isa = PBXBuildFile; fileRef = D12E3C2F2C008422002B7634 /* Base */; };
		D12E3C322C008423002B7634 /* Assets.xcassets in Resources */ = {isa = PBXBuildFile; fileRef = D12E3C312C008423002B7634 /* Assets.xcassets */; };
		D12E3C352C008423002B7634 /* Base in Resources */ = {isa = PBXBuildFile; fileRef = D12E3C342C008423002B7634 /* Base */; };
		D12E3C3E2C008643002B7634 /* Magazine.swift in Sources */ = {isa = PBXBuildFile; fileRef = D12E3C3D2C008643002B7634 /* Magazine.swift */; };
		D12E3C412C0086F9002B7634 /* Kingfisher in Frameworks */ = {isa = PBXBuildFile; productRef = D12E3C402C0086F9002B7634 /* Kingfisher */; };
		D12E3C432C0087C5002B7634 /* Extension_Date.swift in Sources */ = {isa = PBXBuildFile; fileRef = D12E3C422C0087C5002B7634 /* Extension_Date.swift */; };
		D12E3C452C00897E002B7634 /* MagazineTableViewController.swift in Sources */ = {isa = PBXBuildFile; fileRef = D12E3C442C00897E002B7634 /* MagazineTableViewController.swift */; };
		D12E3C472C0089B1002B7634 /* MagazineTableViewCell.swift in Sources */ = {isa = PBXBuildFile; fileRef = D12E3C462C0089B1002B7634 /* MagazineTableViewCell.swift */; };
		D12E3C492C00946C002B7634 /* Extension_String.swift in Sources */ = {isa = PBXBuildFile; fileRef = D12E3C482C00946C002B7634 /* Extension_String.swift */; };
		D12E3C4B2C0099E8002B7634 /* RestaurantTableViewController.swift in Sources */ = {isa = PBXBuildFile; fileRef = D12E3C4A2C0099E8002B7634 /* RestaurantTableViewController.swift */; };
		D12E3C4D2C009A61002B7634 /* Restaurant.swift in Sources */ = {isa = PBXBuildFile; fileRef = D12E3C4C2C009A61002B7634 /* Restaurant.swift */; };
		D12E3C4F2C009C1A002B7634 /* RestaurantTableViewCell.swift in Sources */ = {isa = PBXBuildFile; fileRef = D12E3C4E2C009C1A002B7634 /* RestaurantTableViewCell.swift */; };
		D12E3C632C046E39002B7634 /* Extension_UIViewController.swift in Sources */ = {isa = PBXBuildFile; fileRef = D12E3C622C046E39002B7634 /* Extension_UIViewController.swift */; };
		D12E3C652C0471D4002B7634 /* TravelModel.swift in Sources */ = {isa = PBXBuildFile; fileRef = D12E3C642C0471D4002B7634 /* TravelModel.swift */; };
		D12E3C672C0472A4002B7634 /* DetailCityInfoViewController.swift in Sources */ = {isa = PBXBuildFile; fileRef = D12E3C662C0472A4002B7634 /* DetailCityInfoViewController.swift */; };
		D12E3C6A2C04738F002B7634 /* TouristSpotTableViewCell.swift in Sources */ = {isa = PBXBuildFile; fileRef = D12E3C682C04738F002B7634 /* TouristSpotTableViewCell.swift */; };
		D12E3C6B2C04738F002B7634 /* TouristSpotTableViewCell.xib in Resources */ = {isa = PBXBuildFile; fileRef = D12E3C692C04738F002B7634 /* TouristSpotTableViewCell.xib */; };
		D12E3C6E2C04739D002B7634 /* AdTableViewCell.swift in Sources */ = {isa = PBXBuildFile; fileRef = D12E3C6C2C04739D002B7634 /* AdTableViewCell.swift */; };
		D12E3C6F2C04739D002B7634 /* AdTableViewCell.xib in Resources */ = {isa = PBXBuildFile; fileRef = D12E3C6D2C04739D002B7634 /* AdTableViewCell.xib */; };
		D12E3C712C0481E8002B7634 /* Extension_UIColor.swift in Sources */ = {isa = PBXBuildFile; fileRef = D12E3C702C0481E8002B7634 /* Extension_UIColor.swift */; };
		D12E3C752C04956A002B7634 /* Cosmos in Frameworks */ = {isa = PBXBuildFile; productRef = D12E3C742C04956A002B7634 /* Cosmos */; };
		D1957E922C07041E0080E2FF /* SpotViewController.swift in Sources */ = {isa = PBXBuildFile; fileRef = D1957E912C07041E0080E2FF /* SpotViewController.swift */; };
		D1957E942C07042C0080E2FF /* AdViewController.swift in Sources */ = {isa = PBXBuildFile; fileRef = D1957E932C07042C0080E2FF /* AdViewController.swift */; };
		D1957E992C070C680080E2FF /* CityInfoViewController.swift in Sources */ = {isa = PBXBuildFile; fileRef = D1957E982C070C680080E2FF /* CityInfoViewController.swift */; };
		D1957E9B2C070CDA0080E2FF /* CityInfo.swift in Sources */ = {isa = PBXBuildFile; fileRef = D1957E9A2C070CDA0080E2FF /* CityInfo.swift */; };
		D1957E9E2C070F7C0080E2FF /* CityInfoTableViewCell.swift in Sources */ = {isa = PBXBuildFile; fileRef = D1957E9C2C070F7C0080E2FF /* CityInfoTableViewCell.swift */; };
		D1957E9F2C070F7C0080E2FF /* CityInfoTableViewCell.xib in Resources */ = {isa = PBXBuildFile; fileRef = D1957E9D2C070F7C0080E2FF /* CityInfoTableViewCell.xib */; };
/* End PBXBuildFile section */

/* Begin PBXFileReference section */
		D12E3C252C008422002B7634 /* Magazine.app */ = {isa = PBXFileReference; explicitFileType = wrapper.application; includeInIndex = 0; path = Magazine.app; sourceTree = BUILT_PRODUCTS_DIR; };
		D12E3C282C008422002B7634 /* AppDelegate.swift */ = {isa = PBXFileReference; lastKnownFileType = sourcecode.swift; path = AppDelegate.swift; sourceTree = "<group>"; };
		D12E3C2A2C008422002B7634 /* SceneDelegate.swift */ = {isa = PBXFileReference; lastKnownFileType = sourcecode.swift; path = SceneDelegate.swift; sourceTree = "<group>"; };
		D12E3C2C2C008422002B7634 /* ViewController.swift */ = {isa = PBXFileReference; lastKnownFileType = sourcecode.swift; path = ViewController.swift; sourceTree = "<group>"; };
		D12E3C2F2C008422002B7634 /* Base */ = {isa = PBXFileReference; lastKnownFileType = file.storyboard; name = Base; path = Base.lproj/Main.storyboard; sourceTree = "<group>"; };
		D12E3C312C008423002B7634 /* Assets.xcassets */ = {isa = PBXFileReference; lastKnownFileType = folder.assetcatalog; path = Assets.xcassets; sourceTree = "<group>"; };
		D12E3C342C008423002B7634 /* Base */ = {isa = PBXFileReference; lastKnownFileType = file.storyboard; name = Base; path = Base.lproj/LaunchScreen.storyboard; sourceTree = "<group>"; };
		D12E3C362C008423002B7634 /* Info.plist */ = {isa = PBXFileReference; lastKnownFileType = text.plist.xml; path = Info.plist; sourceTree = "<group>"; };
		D12E3C3D2C008643002B7634 /* Magazine.swift */ = {isa = PBXFileReference; lastKnownFileType = sourcecode.swift; path = Magazine.swift; sourceTree = "<group>"; };
		D12E3C422C0087C5002B7634 /* Extension_Date.swift */ = {isa = PBXFileReference; lastKnownFileType = sourcecode.swift; path = Extension_Date.swift; sourceTree = "<group>"; };
		D12E3C442C00897E002B7634 /* MagazineTableViewController.swift */ = {isa = PBXFileReference; lastKnownFileType = sourcecode.swift; path = MagazineTableViewController.swift; sourceTree = "<group>"; };
		D12E3C462C0089B1002B7634 /* MagazineTableViewCell.swift */ = {isa = PBXFileReference; lastKnownFileType = sourcecode.swift; path = MagazineTableViewCell.swift; sourceTree = "<group>"; };
		D12E3C482C00946C002B7634 /* Extension_String.swift */ = {isa = PBXFileReference; lastKnownFileType = sourcecode.swift; path = Extension_String.swift; sourceTree = "<group>"; };
		D12E3C4A2C0099E8002B7634 /* RestaurantTableViewController.swift */ = {isa = PBXFileReference; lastKnownFileType = sourcecode.swift; path = RestaurantTableViewController.swift; sourceTree = "<group>"; };
		D12E3C4C2C009A61002B7634 /* Restaurant.swift */ = {isa = PBXFileReference; lastKnownFileType = sourcecode.swift; path = Restaurant.swift; sourceTree = "<group>"; };
		D12E3C4E2C009C1A002B7634 /* RestaurantTableViewCell.swift */ = {isa = PBXFileReference; lastKnownFileType = sourcecode.swift; path = RestaurantTableViewCell.swift; sourceTree = "<group>"; };
		D12E3C622C046E39002B7634 /* Extension_UIViewController.swift */ = {isa = PBXFileReference; lastKnownFileType = sourcecode.swift; path = Extension_UIViewController.swift; sourceTree = "<group>"; };
		D12E3C642C0471D4002B7634 /* TravelModel.swift */ = {isa = PBXFileReference; fileEncoding = 4; lastKnownFileType = sourcecode.swift; path = TravelModel.swift; sourceTree = "<group>"; };
		D12E3C662C0472A4002B7634 /* DetailCityInfoViewController.swift */ = {isa = PBXFileReference; lastKnownFileType = sourcecode.swift; path = DetailCityInfoViewController.swift; sourceTree = "<group>"; };
		D12E3C682C04738F002B7634 /* TouristSpotTableViewCell.swift */ = {isa = PBXFileReference; lastKnownFileType = sourcecode.swift; path = TouristSpotTableViewCell.swift; sourceTree = "<group>"; };
		D12E3C692C04738F002B7634 /* TouristSpotTableViewCell.xib */ = {isa = PBXFileReference; lastKnownFileType = file.xib; path = TouristSpotTableViewCell.xib; sourceTree = "<group>"; };
		D12E3C6C2C04739D002B7634 /* AdTableViewCell.swift */ = {isa = PBXFileReference; lastKnownFileType = sourcecode.swift; path = AdTableViewCell.swift; sourceTree = "<group>"; };
		D12E3C6D2C04739D002B7634 /* AdTableViewCell.xib */ = {isa = PBXFileReference; lastKnownFileType = file.xib; path = AdTableViewCell.xib; sourceTree = "<group>"; };
		D12E3C702C0481E8002B7634 /* Extension_UIColor.swift */ = {isa = PBXFileReference; lastKnownFileType = sourcecode.swift; path = Extension_UIColor.swift; sourceTree = "<group>"; };
		D1957E912C07041E0080E2FF /* SpotViewController.swift */ = {isa = PBXFileReference; lastKnownFileType = sourcecode.swift; path = SpotViewController.swift; sourceTree = "<group>"; };
		D1957E932C07042C0080E2FF /* AdViewController.swift */ = {isa = PBXFileReference; lastKnownFileType = sourcecode.swift; path = AdViewController.swift; sourceTree = "<group>"; };
		D1957E982C070C680080E2FF /* CityInfoViewController.swift */ = {isa = PBXFileReference; lastKnownFileType = sourcecode.swift; path = CityInfoViewController.swift; sourceTree = "<group>"; };
		D1957E9A2C070CDA0080E2FF /* CityInfo.swift */ = {isa = PBXFileReference; fileEncoding = 4; lastKnownFileType = sourcecode.swift; path = CityInfo.swift; sourceTree = "<group>"; };
		D1957E9C2C070F7C0080E2FF /* CityInfoTableViewCell.swift */ = {isa = PBXFileReference; lastKnownFileType = sourcecode.swift; path = CityInfoTableViewCell.swift; sourceTree = "<group>"; };
		D1957E9D2C070F7C0080E2FF /* CityInfoTableViewCell.xib */ = {isa = PBXFileReference; lastKnownFileType = file.xib; path = CityInfoTableViewCell.xib; sourceTree = "<group>"; };
/* End PBXFileReference section */

/* Begin PBXFrameworksBuildPhase section */
		D12E3C222C008422002B7634 /* Frameworks */ = {
			isa = PBXFrameworksBuildPhase;
			buildActionMask = 2147483647;
			files = (
				D12E3C752C04956A002B7634 /* Cosmos in Frameworks */,
				D12E3C412C0086F9002B7634 /* Kingfisher in Frameworks */,
			);
			runOnlyForDeploymentPostprocessing = 0;
		};
/* End PBXFrameworksBuildPhase section */

/* Begin PBXGroup section */
		D12E3C1C2C008422002B7634 = {
			isa = PBXGroup;
			children = (
				D12E3C272C008422002B7634 /* Magazine */,
				D12E3C262C008422002B7634 /* Products */,
			);
			sourceTree = "<group>";
		};
		D12E3C262C008422002B7634 /* Products */ = {
			isa = PBXGroup;
			children = (
				D12E3C252C008422002B7634 /* Magazine.app */,
			);
			name = Products;
			sourceTree = "<group>";
		};
		D12E3C272C008422002B7634 /* Magazine */ = {
			isa = PBXGroup;
			children = (
				D12E3CD92C05C12B002B7634 /* Cell */,
				D12E3C722C048B96002B7634 /* Extension */,
				D12E3C3C2C008636002B7634 /* Model */,
				D12E3C282C008422002B7634 /* AppDelegate.swift */,
				D12E3C2A2C008422002B7634 /* SceneDelegate.swift */,
				D12E3C2C2C008422002B7634 /* ViewController.swift */,
				D12E3C442C00897E002B7634 /* MagazineTableViewController.swift */,
				D12E3C4A2C0099E8002B7634 /* RestaurantTableViewController.swift */,
				D12E3C662C0472A4002B7634 /* DetailCityInfoViewController.swift */,
				D12E3C2E2C008422002B7634 /* Main.storyboard */,
				D1957E932C07042C0080E2FF /* AdViewController.swift */,
				D1957E912C07041E0080E2FF /* SpotViewController.swift */,
				D1957E982C070C680080E2FF /* CityInfoViewController.swift */,
				D12E3C312C008423002B7634 /* Assets.xcassets */,
				D12E3C332C008423002B7634 /* LaunchScreen.storyboard */,
				D12E3C362C008423002B7634 /* Info.plist */,
			);
			path = Magazine;
			sourceTree = "<group>";
		};
		D12E3C3C2C008636002B7634 /* Model */ = {
			isa = PBXGroup;
			children = (
				D12E3C3D2C008643002B7634 /* Magazine.swift */,
				D12E3C4C2C009A61002B7634 /* Restaurant.swift */,
				D12E3C642C0471D4002B7634 /* TravelModel.swift */,
				D1957E9A2C070CDA0080E2FF /* CityInfo.swift */,
			);
			path = Model;
			sourceTree = "<group>";
		};
		D12E3C722C048B96002B7634 /* Extension */ = {
			isa = PBXGroup;
			children = (
				D12E3C702C0481E8002B7634 /* Extension_UIColor.swift */,
				D12E3C422C0087C5002B7634 /* Extension_Date.swift */,
				D12E3C622C046E39002B7634 /* Extension_UIViewController.swift */,
				D12E3C482C00946C002B7634 /* Extension_String.swift */,
			);
			path = Extension;
			sourceTree = "<group>";
		};
		D12E3CD92C05C12B002B7634 /* Cell */ = {
			isa = PBXGroup;
			children = (
				D12E3C462C0089B1002B7634 /* MagazineTableViewCell.swift */,
				D12E3C4E2C009C1A002B7634 /* RestaurantTableViewCell.swift */,
				D12E3C6C2C04739D002B7634 /* AdTableViewCell.swift */,
				D12E3C6D2C04739D002B7634 /* AdTableViewCell.xib */,
				D12E3C682C04738F002B7634 /* TouristSpotTableViewCell.swift */,
				D12E3C692C04738F002B7634 /* TouristSpotTableViewCell.xib */,
				D1957E9C2C070F7C0080E2FF /* CityInfoTableViewCell.swift */,
				D1957E9D2C070F7C0080E2FF /* CityInfoTableViewCell.xib */,
			);
			path = Cell;
			sourceTree = "<group>";
		};
/* End PBXGroup section */

/* Begin PBXNativeTarget section */
		D12E3C242C008422002B7634 /* Magazine */ = {
			isa = PBXNativeTarget;
			buildConfigurationList = D12E3C392C008423002B7634 /* Build configuration list for PBXNativeTarget "Magazine" */;
			buildPhases = (
				D12E3C212C008422002B7634 /* Sources */,
				D12E3C222C008422002B7634 /* Frameworks */,
				D12E3C232C008422002B7634 /* Resources */,
			);
			buildRules = (
			);
			dependencies = (
			);
			name = Magazine;
			packageProductDependencies = (
				D12E3C402C0086F9002B7634 /* Kingfisher */,
				D12E3C742C04956A002B7634 /* Cosmos */,
			);
			productName = Magazine;
			productReference = D12E3C252C008422002B7634 /* Magazine.app */;
			productType = "com.apple.product-type.application";
		};
/* End PBXNativeTarget section */

/* Begin PBXProject section */
		D12E3C1D2C008422002B7634 /* Project object */ = {
			isa = PBXProject;
			attributes = {
				BuildIndependentTargetsInParallel = 1;
				LastSwiftUpdateCheck = 1540;
				LastUpgradeCheck = 1540;
				TargetAttributes = {
					D12E3C242C008422002B7634 = {
						CreatedOnToolsVersion = 15.4;
					};
				};
			};
			buildConfigurationList = D12E3C202C008422002B7634 /* Build configuration list for PBXProject "Magazine" */;
			compatibilityVersion = "Xcode 14.0";
			developmentRegion = en;
			hasScannedForEncodings = 0;
			knownRegions = (
				en,
				Base,
			);
			mainGroup = D12E3C1C2C008422002B7634;
			packageReferences = (
				D12E3C3F2C0086F9002B7634 /* XCRemoteSwiftPackageReference "Kingfisher" */,
				D12E3C732C04956A002B7634 /* XCRemoteSwiftPackageReference "Cosmos" */,
			);
			productRefGroup = D12E3C262C008422002B7634 /* Products */;
			projectDirPath = "";
			projectRoot = "";
			targets = (
				D12E3C242C008422002B7634 /* Magazine */,
			);
		};
/* End PBXProject section */

/* Begin PBXResourcesBuildPhase section */
		D12E3C232C008422002B7634 /* Resources */ = {
			isa = PBXResourcesBuildPhase;
			buildActionMask = 2147483647;
			files = (
				D1957E9F2C070F7C0080E2FF /* CityInfoTableViewCell.xib in Resources */,
				D12E3C6F2C04739D002B7634 /* AdTableViewCell.xib in Resources */,
				D12E3C6B2C04738F002B7634 /* TouristSpotTableViewCell.xib in Resources */,
				D12E3C322C008423002B7634 /* Assets.xcassets in Resources */,
				D12E3C352C008423002B7634 /* Base in Resources */,
				D12E3C302C008422002B7634 /* Base in Resources */,
			);
			runOnlyForDeploymentPostprocessing = 0;
		};
/* End PBXResourcesBuildPhase section */

/* Begin PBXSourcesBuildPhase section */
		D12E3C212C008422002B7634 /* Sources */ = {
			isa = PBXSourcesBuildPhase;
			buildActionMask = 2147483647;
			files = (
				D12E3C712C0481E8002B7634 /* Extension_UIColor.swift in Sources */,
				D12E3C672C0472A4002B7634 /* DetailCityInfoViewController.swift in Sources */,
				D12E3C632C046E39002B7634 /* Extension_UIViewController.swift in Sources */,
				D12E3C4D2C009A61002B7634 /* Restaurant.swift in Sources */,
				D1957E9B2C070CDA0080E2FF /* CityInfo.swift in Sources */,
				D12E3C432C0087C5002B7634 /* Extension_Date.swift in Sources */,
				D12E3C2D2C008422002B7634 /* ViewController.swift in Sources */,
				D12E3C4F2C009C1A002B7634 /* RestaurantTableViewCell.swift in Sources */,
				D12E3C4B2C0099E8002B7634 /* RestaurantTableViewController.swift in Sources */,
				D12E3C472C0089B1002B7634 /* MagazineTableViewCell.swift in Sources */,
				D12E3C6E2C04739D002B7634 /* AdTableViewCell.swift in Sources */,
				D1957E922C07041E0080E2FF /* SpotViewController.swift in Sources */,
				D1957E992C070C680080E2FF /* CityInfoViewController.swift in Sources */,
				D12E3C3E2C008643002B7634 /* Magazine.swift in Sources */,
				D12E3C652C0471D4002B7634 /* TravelModel.swift in Sources */,
				D12E3C6A2C04738F002B7634 /* TouristSpotTableViewCell.swift in Sources */,
				D1957E9E2C070F7C0080E2FF /* CityInfoTableViewCell.swift in Sources */,
				D12E3C492C00946C002B7634 /* Extension_String.swift in Sources */,
				D1957E942C07042C0080E2FF /* AdViewController.swift in Sources */,
				D12E3C452C00897E002B7634 /* MagazineTableViewController.swift in Sources */,
				D12E3C292C008422002B7634 /* AppDelegate.swift in Sources */,
				D12E3C2B2C008422002B7634 /* SceneDelegate.swift in Sources */,
			);
			runOnlyForDeploymentPostprocessing = 0;
		};
/* End PBXSourcesBuildPhase section */

/* Begin PBXVariantGroup section */
		D12E3C2E2C008422002B7634 /* Main.storyboard */ = {
			isa = PBXVariantGroup;
			children = (
				D12E3C2F2C008422002B7634 /* Base */,
			);
			name = Main.storyboard;
			sourceTree = "<group>";
		};
		D12E3C332C008423002B7634 /* LaunchScreen.storyboard */ = {
			isa = PBXVariantGroup;
			children = (
				D12E3C342C008423002B7634 /* Base */,
			);
			name = LaunchScreen.storyboard;
			sourceTree = "<group>";
		};
/* End PBXVariantGroup section */

/* Begin XCBuildConfiguration section */
		D12E3C372C008423002B7634 /* Debug */ = {
			isa = XCBuildConfiguration;
			buildSettings = {
				ALWAYS_SEARCH_USER_PATHS = NO;
				ASSETCATALOG_COMPILER_GENERATE_SWIFT_ASSET_SYMBOL_EXTENSIONS = YES;
				CLANG_ANALYZER_NONNULL = YES;
				CLANG_ANALYZER_NUMBER_OBJECT_CONVERSION = YES_AGGRESSIVE;
				CLANG_CXX_LANGUAGE_STANDARD = "gnu++20";
				CLANG_ENABLE_MODULES = YES;
				CLANG_ENABLE_OBJC_ARC = YES;
				CLANG_ENABLE_OBJC_WEAK = YES;
				CLANG_WARN_BLOCK_CAPTURE_AUTORELEASING = YES;
				CLANG_WARN_BOOL_CONVERSION = YES;
				CLANG_WARN_COMMA = YES;
				CLANG_WARN_CONSTANT_CONVERSION = YES;
				CLANG_WARN_DEPRECATED_OBJC_IMPLEMENTATIONS = YES;
				CLANG_WARN_DIRECT_OBJC_ISA_USAGE = YES_ERROR;
				CLANG_WARN_DOCUMENTATION_COMMENTS = YES;
				CLANG_WARN_EMPTY_BODY = YES;
				CLANG_WARN_ENUM_CONVERSION = YES;
				CLANG_WARN_INFINITE_RECURSION = YES;
				CLANG_WARN_INT_CONVERSION = YES;
				CLANG_WARN_NON_LITERAL_NULL_CONVERSION = YES;
				CLANG_WARN_OBJC_IMPLICIT_RETAIN_SELF = YES;
				CLANG_WARN_OBJC_LITERAL_CONVERSION = YES;
				CLANG_WARN_OBJC_ROOT_CLASS = YES_ERROR;
				CLANG_WARN_QUOTED_INCLUDE_IN_FRAMEWORK_HEADER = YES;
				CLANG_WARN_RANGE_LOOP_ANALYSIS = YES;
				CLANG_WARN_STRICT_PROTOTYPES = YES;
				CLANG_WARN_SUSPICIOUS_MOVE = YES;
				CLANG_WARN_UNGUARDED_AVAILABILITY = YES_AGGRESSIVE;
				CLANG_WARN_UNREACHABLE_CODE = YES;
				CLANG_WARN__DUPLICATE_METHOD_MATCH = YES;
				COPY_PHASE_STRIP = NO;
				DEBUG_INFORMATION_FORMAT = dwarf;
				ENABLE_STRICT_OBJC_MSGSEND = YES;
				ENABLE_TESTABILITY = YES;
				ENABLE_USER_SCRIPT_SANDBOXING = YES;
				GCC_C_LANGUAGE_STANDARD = gnu17;
				GCC_DYNAMIC_NO_PIC = NO;
				GCC_NO_COMMON_BLOCKS = YES;
				GCC_OPTIMIZATION_LEVEL = 0;
				GCC_PREPROCESSOR_DEFINITIONS = (
					"DEBUG=1",
					"$(inherited)",
				);
				GCC_WARN_64_TO_32_BIT_CONVERSION = YES;
				GCC_WARN_ABOUT_RETURN_TYPE = YES_ERROR;
				GCC_WARN_UNDECLARED_SELECTOR = YES;
				GCC_WARN_UNINITIALIZED_AUTOS = YES_AGGRESSIVE;
				GCC_WARN_UNUSED_FUNCTION = YES;
				GCC_WARN_UNUSED_VARIABLE = YES;
				IPHONEOS_DEPLOYMENT_TARGET = 17.5;
				LOCALIZATION_PREFERS_STRING_CATALOGS = YES;
				MTL_ENABLE_DEBUG_INFO = INCLUDE_SOURCE;
				MTL_FAST_MATH = YES;
				ONLY_ACTIVE_ARCH = YES;
				SDKROOT = iphoneos;
				SWIFT_ACTIVE_COMPILATION_CONDITIONS = "DEBUG $(inherited)";
				SWIFT_OPTIMIZATION_LEVEL = "-Onone";
			};
			name = Debug;
		};
		D12E3C382C008423002B7634 /* Release */ = {
			isa = XCBuildConfiguration;
			buildSettings = {
				ALWAYS_SEARCH_USER_PATHS = NO;
				ASSETCATALOG_COMPILER_GENERATE_SWIFT_ASSET_SYMBOL_EXTENSIONS = YES;
				CLANG_ANALYZER_NONNULL = YES;
				CLANG_ANALYZER_NUMBER_OBJECT_CONVERSION = YES_AGGRESSIVE;
				CLANG_CXX_LANGUAGE_STANDARD = "gnu++20";
				CLANG_ENABLE_MODULES = YES;
				CLANG_ENABLE_OBJC_ARC = YES;
				CLANG_ENABLE_OBJC_WEAK = YES;
				CLANG_WARN_BLOCK_CAPTURE_AUTORELEASING = YES;
				CLANG_WARN_BOOL_CONVERSION = YES;
				CLANG_WARN_COMMA = YES;
				CLANG_WARN_CONSTANT_CONVERSION = YES;
				CLANG_WARN_DEPRECATED_OBJC_IMPLEMENTATIONS = YES;
				CLANG_WARN_DIRECT_OBJC_ISA_USAGE = YES_ERROR;
				CLANG_WARN_DOCUMENTATION_COMMENTS = YES;
				CLANG_WARN_EMPTY_BODY = YES;
				CLANG_WARN_ENUM_CONVERSION = YES;
				CLANG_WARN_INFINITE_RECURSION = YES;
				CLANG_WARN_INT_CONVERSION = YES;
				CLANG_WARN_NON_LITERAL_NULL_CONVERSION = YES;
				CLANG_WARN_OBJC_IMPLICIT_RETAIN_SELF = YES;
				CLANG_WARN_OBJC_LITERAL_CONVERSION = YES;
				CLANG_WARN_OBJC_ROOT_CLASS = YES_ERROR;
				CLANG_WARN_QUOTED_INCLUDE_IN_FRAMEWORK_HEADER = YES;
				CLANG_WARN_RANGE_LOOP_ANALYSIS = YES;
				CLANG_WARN_STRICT_PROTOTYPES = YES;
				CLANG_WARN_SUSPICIOUS_MOVE = YES;
				CLANG_WARN_UNGUARDED_AVAILABILITY = YES_AGGRESSIVE;
				CLANG_WARN_UNREACHABLE_CODE = YES;
				CLANG_WARN__DUPLICATE_METHOD_MATCH = YES;
				COPY_PHASE_STRIP = NO;
				DEBUG_INFORMATION_FORMAT = "dwarf-with-dsym";
				ENABLE_NS_ASSERTIONS = NO;
				ENABLE_STRICT_OBJC_MSGSEND = YES;
				ENABLE_USER_SCRIPT_SANDBOXING = YES;
				GCC_C_LANGUAGE_STANDARD = gnu17;
				GCC_NO_COMMON_BLOCKS = YES;
				GCC_WARN_64_TO_32_BIT_CONVERSION = YES;
				GCC_WARN_ABOUT_RETURN_TYPE = YES_ERROR;
				GCC_WARN_UNDECLARED_SELECTOR = YES;
				GCC_WARN_UNINITIALIZED_AUTOS = YES_AGGRESSIVE;
				GCC_WARN_UNUSED_FUNCTION = YES;
				GCC_WARN_UNUSED_VARIABLE = YES;
				IPHONEOS_DEPLOYMENT_TARGET = 17.5;
				LOCALIZATION_PREFERS_STRING_CATALOGS = YES;
				MTL_ENABLE_DEBUG_INFO = NO;
				MTL_FAST_MATH = YES;
				SDKROOT = iphoneos;
				SWIFT_COMPILATION_MODE = wholemodule;
				VALIDATE_PRODUCT = YES;
			};
			name = Release;
		};
		D12E3C3A2C008423002B7634 /* Debug */ = {
			isa = XCBuildConfiguration;
			buildSettings = {
				ASSETCATALOG_COMPILER_APPICON_NAME = AppIcon;
				ASSETCATALOG_COMPILER_GLOBAL_ACCENT_COLOR_NAME = AccentColor;
				CODE_SIGN_STYLE = Automatic;
				CURRENT_PROJECT_VERSION = 1;
				GENERATE_INFOPLIST_FILE = YES;
				INFOPLIST_FILE = Magazine/Info.plist;
				INFOPLIST_KEY_UIApplicationSupportsIndirectInputEvents = YES;
				INFOPLIST_KEY_UILaunchStoryboardName = LaunchScreen;
				INFOPLIST_KEY_UIMainStoryboardFile = Main;
				INFOPLIST_KEY_UISupportedInterfaceOrientations_iPad = "UIInterfaceOrientationPortrait UIInterfaceOrientationPortraitUpsideDown UIInterfaceOrientationLandscapeLeft UIInterfaceOrientationLandscapeRight";
				INFOPLIST_KEY_UISupportedInterfaceOrientations_iPhone = "UIInterfaceOrientationPortrait UIInterfaceOrientationLandscapeLeft UIInterfaceOrientationLandscapeRight";
				IPHONEOS_DEPLOYMENT_TARGET = 16.0;
				LD_RUNPATH_SEARCH_PATHS = (
					"$(inherited)",
					"@executable_path/Frameworks",
				);
				MARKETING_VERSION = 1.0;
				PRODUCT_BUNDLE_IDENTIFIER = Jo.Magazine;
				PRODUCT_NAME = "$(TARGET_NAME)";
				SUPPORTED_PLATFORMS = "iphoneos iphonesimulator";
				SUPPORTS_MACCATALYST = NO;
				SUPPORTS_MAC_DESIGNED_FOR_IPHONE_IPAD = NO;
				SUPPORTS_XR_DESIGNED_FOR_IPHONE_IPAD = NO;
				SWIFT_EMIT_LOC_STRINGS = YES;
				SWIFT_VERSION = 5.0;
				TARGETED_DEVICE_FAMILY = 1;
			};
			name = Debug;
		};
		D12E3C3B2C008423002B7634 /* Release */ = {
			isa = XCBuildConfiguration;
			buildSettings = {
				ASSETCATALOG_COMPILER_APPICON_NAME = AppIcon;
				ASSETCATALOG_COMPILER_GLOBAL_ACCENT_COLOR_NAME = AccentColor;
				CODE_SIGN_STYLE = Automatic;
				CURRENT_PROJECT_VERSION = 1;
				GENERATE_INFOPLIST_FILE = YES;
				INFOPLIST_FILE = Magazine/Info.plist;
				INFOPLIST_KEY_UIApplicationSupportsIndirectInputEvents = YES;
				INFOPLIST_KEY_UILaunchStoryboardName = LaunchScreen;
				INFOPLIST_KEY_UIMainStoryboardFile = Main;
				INFOPLIST_KEY_UISupportedInterfaceOrientations_iPad = "UIInterfaceOrientationPortrait UIInterfaceOrientationPortraitUpsideDown UIInterfaceOrientationLandscapeLeft UIInterfaceOrientationLandscapeRight";
				INFOPLIST_KEY_UISupportedInterfaceOrientations_iPhone = "UIInterfaceOrientationPortrait UIInterfaceOrientationLandscapeLeft UIInterfaceOrientationLandscapeRight";
				IPHONEOS_DEPLOYMENT_TARGET = 16.0;
				LD_RUNPATH_SEARCH_PATHS = (
					"$(inherited)",
					"@executable_path/Frameworks",
				);
				MARKETING_VERSION = 1.0;
				PRODUCT_BUNDLE_IDENTIFIER = Jo.Magazine;
				PRODUCT_NAME = "$(TARGET_NAME)";
				SUPPORTED_PLATFORMS = "iphoneos iphonesimulator";
				SUPPORTS_MACCATALYST = NO;
				SUPPORTS_MAC_DESIGNED_FOR_IPHONE_IPAD = NO;
				SUPPORTS_XR_DESIGNED_FOR_IPHONE_IPAD = NO;
				SWIFT_EMIT_LOC_STRINGS = YES;
				SWIFT_VERSION = 5.0;
				TARGETED_DEVICE_FAMILY = 1;
			};
			name = Release;
		};
/* End XCBuildConfiguration section */

/* Begin XCConfigurationList section */
		D12E3C202C008422002B7634 /* Build configuration list for PBXProject "Magazine" */ = {
			isa = XCConfigurationList;
			buildConfigurations = (
				D12E3C372C008423002B7634 /* Debug */,
				D12E3C382C008423002B7634 /* Release */,
			);
			defaultConfigurationIsVisible = 0;
			defaultConfigurationName = Release;
		};
		D12E3C392C008423002B7634 /* Build configuration list for PBXNativeTarget "Magazine" */ = {
			isa = XCConfigurationList;
			buildConfigurations = (
				D12E3C3A2C008423002B7634 /* Debug */,
				D12E3C3B2C008423002B7634 /* Release */,
			);
			defaultConfigurationIsVisible = 0;
			defaultConfigurationName = Release;
		};
/* End XCConfigurationList section */

/* Begin XCRemoteSwiftPackageReference section */
		D12E3C3F2C0086F9002B7634 /* XCRemoteSwiftPackageReference "Kingfisher" */ = {
			isa = XCRemoteSwiftPackageReference;
			repositoryURL = "https://github.com/onevcat/Kingfisher.git";
			requirement = {
				kind = upToNextMajorVersion;
				minimumVersion = 7.11.0;
			};
		};
		D12E3C732C04956A002B7634 /* XCRemoteSwiftPackageReference "Cosmos" */ = {
			isa = XCRemoteSwiftPackageReference;
			repositoryURL = "https://github.com/evgenyneu/Cosmos.git";
			requirement = {
				kind = upToNextMajorVersion;
				minimumVersion = 25.0.1;
			};
		};
/* End XCRemoteSwiftPackageReference section */

/* Begin XCSwiftPackageProductDependency section */
		D12E3C402C0086F9002B7634 /* Kingfisher */ = {
			isa = XCSwiftPackageProductDependency;
			package = D12E3C3F2C0086F9002B7634 /* XCRemoteSwiftPackageReference "Kingfisher" */;
			productName = Kingfisher;
		};
		D12E3C742C04956A002B7634 /* Cosmos */ = {
			isa = XCSwiftPackageProductDependency;
			package = D12E3C732C04956A002B7634 /* XCRemoteSwiftPackageReference "Cosmos" */;
			productName = Cosmos;
		};
/* End XCSwiftPackageProductDependency section */
	};
	rootObject = D12E3C1D2C008422002B7634 /* Project object */;
}
